
Microsoft Visual Studio Solution File, Format Version 12.00
# Visual Studio 2012
Project("{FAE04EC0-301F-11D3-BF4B-00C04F79EFBC}") = "Meteor", "Meteor\Meteor.csproj", "{60D1A346-986A-4DE4-90A9-80BC51ED1B90}"
EndProject
Global
	GlobalSection(SolutionConfigurationPlatforms) = preSolution
		Debug|Any CPU = Debug|Any CPU
		Release|Any CPU = Release|Any CPU
	EndGlobalSection
	GlobalSection(ProjectConfigurationPlatforms) = postSolution
		{60D1A346-986A-4DE4-90A9-80BC51ED1B90}.Debug|Any CPU.ActiveCfg = Debug|Any CPU
		{60D1A346-986A-4DE4-90A9-80BC51ED1B90}.Debug|Any CPU.Build.0 = Debug|Any CPU
		{60D1A346-986A-4DE4-90A9-80BC51ED1B90}.Release|Any CPU.ActiveCfg = Release|Any CPU
		{60D1A346-986A-4DE4-90A9-80BC51ED1B90}.Release|Any CPU.Build.0 = Release|Any CPU
	EndGlobalSection
	GlobalSection(SolutionProperties) = preSolution
		HideSolutionNode = FALSE
	EndGlobalSection
EndGlobal
